
Microsoft Visual Studio Solution File, Format Version 12.00
# Visual Studio Version 17
VisualStudioVersion = 17.0.32126.317
MinimumVisualStudioVersion = 10.0.40219.1
Project("{FAE04EC0-301F-11D3-BF4B-00C04F79EFBC}") = "pogaduj", "pogaduj\pogaduj.csproj", "{18456CB8-A888-4A4A-9626-97A2F9CDB4B1}"
EndProject
Global
	GlobalSection(SolutionConfigurationPlatforms) = preSolution
		Debug|Any CPU = Debug|Any CPU
		Release|Any CPU = Release|Any CPU
	EndGlobalSection
	GlobalSection(ProjectConfigurationPlatforms) = postSolution
		{18456CB8-A888-4A4A-9626-97A2F9CDB4B1}.Debug|Any CPU.ActiveCfg = Debug|Any CPU
		{18456CB8-A888-4A4A-9626-97A2F9CDB4B1}.Debug|Any CPU.Build.0 = Debug|Any CPU
		{18456CB8-A888-4A4A-9626-97A2F9CDB4B1}.Release|Any CPU.ActiveCfg = Release|Any CPU
		{18456CB8-A888-4A4A-9626-97A2F9CDB4B1}.Release|Any CPU.Build.0 = Release|Any CPU
	EndGlobalSection
	GlobalSection(SolutionProperties) = preSolution
		HideSolutionNode = FALSE
	EndGlobalSection
	GlobalSection(ExtensibilityGlobals) = postSolution
		SolutionGuid = {BD28F116-D384-4FE6-A231-A5255E22FB09}
	EndGlobalSection
EndGlobal
